
Microsoft Visual Studio Solution File, Format Version 12.00
# Visual Studio Version 16
VisualStudioVersion = 16.0.29411.108
MinimumVisualStudioVersion = 10.0.40219.1
Project("{FAE04EC0-301F-11D3-BF4B-00C04F79EFBC}") = "PFC Toolbox.v.4.0", "PFC Toolbox.v.4.0\PFC Toolbox.v.4.0.csproj", "{332DFF07-67C6-49F9-B3E7-CF2A2D35B96C}"
EndProject
Project("{FAE04EC0-301F-11D3-BF4B-00C04F79EFBC}") = "PFCToolbox.Common", "PFCToolbox.Common\PFCToolbox.Common.csproj", "{24D8627E-3C32-42A6-AEA8-CBF16E2DCA80}"
EndProject
Project("{FAE04EC0-301F-11D3-BF4B-00C04F79EFBC}") = "PFCToolbox.Data", "PFCToolbox.Data\PFCToolbox.Data.csproj", "{BD59E68E-28C1-4465-BA86-173794D550F9}"
EndProject
Project("{FAE04EC0-301F-11D3-BF4B-00C04F79EFBC}") = "PFCToolbox.Service", "PFCToolbox.Service\PFCToolbox.Service.csproj", "{23DC46DC-16A9-422C-84B5-2D24ED316412}"
EndProject
Global
	GlobalSection(SolutionConfigurationPlatforms) = preSolution
		Debug|Any CPU = Debug|Any CPU
		Release|Any CPU = Release|Any CPU
	EndGlobalSection
	GlobalSection(ProjectConfigurationPlatforms) = postSolution
		{332DFF07-67C6-49F9-B3E7-CF2A2D35B96C}.Debug|Any CPU.ActiveCfg = Debug|Any CPU
		{332DFF07-67C6-49F9-B3E7-CF2A2D35B96C}.Debug|Any CPU.Build.0 = Debug|Any CPU
		{332DFF07-67C6-49F9-B3E7-CF2A2D35B96C}.Release|Any CPU.ActiveCfg = Release|Any CPU
		{332DFF07-67C6-49F9-B3E7-CF2A2D35B96C}.Release|Any CPU.Build.0 = Release|Any CPU
		{24D8627E-3C32-42A6-AEA8-CBF16E2DCA80}.Debug|Any CPU.ActiveCfg = Debug|Any CPU
		{24D8627E-3C32-42A6-AEA8-CBF16E2DCA80}.Debug|Any CPU.Build.0 = Debug|Any CPU
		{24D8627E-3C32-42A6-AEA8-CBF16E2DCA80}.Release|Any CPU.ActiveCfg = Release|Any CPU
		{24D8627E-3C32-42A6-AEA8-CBF16E2DCA80}.Release|Any CPU.Build.0 = Release|Any CPU
		{BD59E68E-28C1-4465-BA86-173794D550F9}.Debug|Any CPU.ActiveCfg = Debug|Any CPU
		{BD59E68E-28C1-4465-BA86-173794D550F9}.Debug|Any CPU.Build.0 = Debug|Any CPU
		{BD59E68E-28C1-4465-BA86-173794D550F9}.Release|Any CPU.ActiveCfg = Release|Any CPU
		{BD59E68E-28C1-4465-BA86-173794D550F9}.Release|Any CPU.Build.0 = Release|Any CPU
		{23DC46DC-16A9-422C-84B5-2D24ED316412}.Debug|Any CPU.ActiveCfg = Debug|Any CPU
		{23DC46DC-16A9-422C-84B5-2D24ED316412}.Debug|Any CPU.Build.0 = Debug|Any CPU
		{23DC46DC-16A9-422C-84B5-2D24ED316412}.Release|Any CPU.ActiveCfg = Release|Any CPU
		{23DC46DC-16A9-422C-84B5-2D24ED316412}.Release|Any CPU.Build.0 = Release|Any CPU
	EndGlobalSection
	GlobalSection(SolutionProperties) = preSolution
		HideSolutionNode = FALSE
	EndGlobalSection
	GlobalSection(ExtensibilityGlobals) = postSolution
		SolutionGuid = {826ACCFD-A3E8-45EB-AE47-BCF0DDEDAE8C}
	EndGlobalSection
EndGlobal
